
Microsoft Visual Studio Solution File, Format Version 12.00
# Visual Studio 15
VisualStudioVersion = 15.0.27428.2011
MinimumVisualStudioVersion = 10.0.40219.1
Project("{FAE04EC0-301F-11D3-BF4B-00C04F79EFBC}") = "NeuralNetwork", "NeuralNetwork\NeuralNetwork.csproj", "{E918B542-FFD5-4D75-98D7-BF1D90B053FF}"
EndProject
Project("{FAE04EC0-301F-11D3-BF4B-00C04F79EFBC}") = "NeuralNetworkTestBed", "NeuralNetworkTestBed\NeuralNetworkTestBed.csproj", "{38BA02C5-2384-4234-8979-DC65244ABD4B}"
EndProject
Global
	GlobalSection(SolutionConfigurationPlatforms) = preSolution
		Debug|Any CPU = Debug|Any CPU
		Release|Any CPU = Release|Any CPU
	EndGlobalSection
	GlobalSection(ProjectConfigurationPlatforms) = postSolution
		{E918B542-FFD5-4D75-98D7-BF1D90B053FF}.Debug|Any CPU.ActiveCfg = Debug|Any CPU
		{E918B542-FFD5-4D75-98D7-BF1D90B053FF}.Debug|Any CPU.Build.0 = Debug|Any CPU
		{E918B542-FFD5-4D75-98D7-BF1D90B053FF}.Release|Any CPU.ActiveCfg = Release|Any CPU
		{E918B542-FFD5-4D75-98D7-BF1D90B053FF}.Release|Any CPU.Build.0 = Release|Any CPU
		{38BA02C5-2384-4234-8979-DC65244ABD4B}.Debug|Any CPU.ActiveCfg = Debug|Any CPU
		{38BA02C5-2384-4234-8979-DC65244ABD4B}.Debug|Any CPU.Build.0 = Debug|Any CPU
		{38BA02C5-2384-4234-8979-DC65244ABD4B}.Release|Any CPU.ActiveCfg = Release|Any CPU
		{38BA02C5-2384-4234-8979-DC65244ABD4B}.Release|Any CPU.Build.0 = Release|Any CPU
	EndGlobalSection
	GlobalSection(SolutionProperties) = preSolution
		HideSolutionNode = FALSE
	EndGlobalSection
	GlobalSection(ExtensibilityGlobals) = postSolution
		SolutionGuid = {23366084-C38F-4572-91CA-7B53CCDF08D4}
	EndGlobalSection
EndGlobal
